github.com/matishsiao/goInfo v0.0.0-20210923090445-da2e3fa8d45f h1:B0OD7nYl2FPQEVrw8g2uyc1lGEzNbvrKh7fspGZcbvY=
github.com/matishsiao/goInfo v0.0.0-20210923090445-da2e3fa8d45f/go.mod h1:aEt7p9Rvh67BYApmZwNDPpgircTO2kgdmDUoF/1QmwA=
github.com/mewmew/l v0.0.0-20181009211120-c756be720bb0 h1:Z5mYhy/YqPvGB8Zx2QdBVPskcJK6UvMZiV9WJ5CGFQ4=
github.com/mewmew/l v0.0.0-20181009211120-c756be720bb0/go.mod h1:F9huPuwK5w9KaNLZhjoRmY2Aqt8FX7saLY4c2iwULoE=
